
Microsoft Visual Studio Solution File, Format Version 12.00
# Visual Studio Version 16
VisualStudioVersion = 16.0.31402.337
MinimumVisualStudioVersion = 10.0.40219.1
Project("{FAE04EC0-301F-11D3-BF4B-00C04F79EFBC}") = "Maikelsoft.Reactive", "Maikelsoft.Reactive.csproj", "{C3F51D68-3544-4026-BC3E-EA538ACA0A89}"
EndProject
Global
	GlobalSection(SolutionConfigurationPlatforms) = preSolution
		Debug|Any CPU = Debug|Any CPU
		Release|Any CPU = Release|Any CPU
	EndGlobalSection
	GlobalSection(ProjectConfigurationPlatforms) = postSolution
		{C3F51D68-3544-4026-BC3E-EA538ACA0A89}.Debug|Any CPU.ActiveCfg = Debug|Any CPU
		{C3F51D68-3544-4026-BC3E-EA538ACA0A89}.Debug|Any CPU.Build.0 = Debug|Any CPU
		{C3F51D68-3544-4026-BC3E-EA538ACA0A89}.Release|Any CPU.ActiveCfg = Release|Any CPU
		{C3F51D68-3544-4026-BC3E-EA538ACA0A89}.Release|Any CPU.Build.0 = Release|Any CPU
	EndGlobalSection
	GlobalSection(SolutionProperties) = preSolution
		HideSolutionNode = FALSE
	EndGlobalSection
	GlobalSection(ExtensibilityGlobals) = postSolution
		SolutionGuid = {4D08739A-9DE5-4254-9158-BBAB371742A7}
	EndGlobalSection
EndGlobal
